
Microsoft Visual Studio Solution File, Format Version 12.00
# Visual Studio 2013
VisualStudioVersion = 12.0.21005.1
MinimumVisualStudioVersion = 10.0.40219.1
Project("{2150E333-8FDC-42A3-9474-1A3956D46DE8}") = ".nuget", ".nuget", "{0A243475-9D05-45FF-A989-A719DEB86CAF}"
	ProjectSection(SolutionItems) = preProject
		.nuget\NuGet.Config = .nuget\NuGet.Config
		.nuget\NuGet.exe = .nuget\NuGet.exe
		.nuget\NuGet.targets = .nuget\NuGet.targets
	EndProjectSection
EndProject
Project("{2150E333-8FDC-42A3-9474-1A3956D46DE8}") = "tests", "tests", "{567934DC-BA31-440A-B355-A364C309E135}"
EndProject
Project("{FAE04EC0-301F-11D3-BF4B-00C04F79EFBC}") = "EndGate.Server.Core", "EndGate.Server.Core\EndGate.Server.Core.csproj", "{97592EF1-7FE4-4EF6-9CCF-EBB5B5B1CE4B}"
EndProject
Project("{FAE04EC0-301F-11D3-BF4B-00C04F79EFBC}") = "EndGate.Server.Tests", "tests\EndGate.Server.Tests\EndGate.Server.Tests.csproj", "{EC353F64-70AA-4A3F-B59A-4845C808BDF9}"
EndProject
Project("{FAE04EC0-301F-11D3-BF4B-00C04F79EFBC}") = "EndGate.Server.SignalR", "EndGate.Server.SignalR\EndGate.Server.SignalR.csproj", "{AFF9D35C-2EDC-4608-A880-B58BD78EC0FE}"
EndProject
Global
	GlobalSection(SolutionConfigurationPlatforms) = preSolution
		Debug|Any CPU = Debug|Any CPU
		Release|Any CPU = Release|Any CPU
	EndGlobalSection
	GlobalSection(ProjectConfigurationPlatforms) = postSolution
		{97592EF1-7FE4-4EF6-9CCF-EBB5B5B1CE4B}.Debug|Any CPU.ActiveCfg = Debug|Any CPU
		{97592EF1-7FE4-4EF6-9CCF-EBB5B5B1CE4B}.Debug|Any CPU.Build.0 = Debug|Any CPU
		{97592EF1-7FE4-4EF6-9CCF-EBB5B5B1CE4B}.Release|Any CPU.ActiveCfg = Release|Any CPU
		{97592EF1-7FE4-4EF6-9CCF-EBB5B5B1CE4B}.Release|Any CPU.Build.0 = Release|Any CPU
		{EC353F64-70AA-4A3F-B59A-4845C808BDF9}.Debug|Any CPU.ActiveCfg = Debug|Any CPU
		{EC353F64-70AA-4A3F-B59A-4845C808BDF9}.Debug|Any CPU.Build.0 = Debug|Any CPU
		{EC353F64-70AA-4A3F-B59A-4845C808BDF9}.Release|Any CPU.ActiveCfg = Release|Any CPU
		{EC353F64-70AA-4A3F-B59A-4845C808BDF9}.Release|Any CPU.Build.0 = Release|Any CPU
		{AFF9D35C-2EDC-4608-A880-B58BD78EC0FE}.Debug|Any CPU.ActiveCfg = Debug|Any CPU
		{AFF9D35C-2EDC-4608-A880-B58BD78EC0FE}.Debug|Any CPU.Build.0 = Debug|Any CPU
		{AFF9D35C-2EDC-4608-A880-B58BD78EC0FE}.Release|Any CPU.ActiveCfg = Release|Any CPU
		{AFF9D35C-2EDC-4608-A880-B58BD78EC0FE}.Release|Any CPU.Build.0 = Release|Any CPU
	EndGlobalSection
	GlobalSection(SolutionProperties) = preSolution
		HideSolutionNode = FALSE
	EndGlobalSection
	GlobalSection(NestedProjects) = preSolution
		{EC353F64-70AA-4A3F-B59A-4845C808BDF9} = {567934DC-BA31-440A-B355-A364C309E135}
	EndGlobalSection
EndGlobal
